
Microsoft Visual Studio Solution File, Format Version 12.00
# Visual Studio Version 17
VisualStudioVersion = 17.5.33530.505
MinimumVisualStudioVersion = 10.0.40219.1
Project("{9A19103F-16F7-4668-BE54-9A1E7A4F7556}") = "DocComAPI", "DocComAPI\DocComAPI.csproj", "{34CEE48F-C56F-47ED-A262-5950A2927778}"
EndProject
Project("{FAE04EC0-301F-11D3-BF4B-00C04F79EFBC}") = "TestDocComAPI", "TestDocComAPI\TestDocComAPI.csproj", "{2FA2602C-C3C7-4F39-9124-7F62364A5158}"
EndProject
Global
	GlobalSection(SolutionConfigurationPlatforms) = preSolution
		Debug|Any CPU = Debug|Any CPU
		Release|Any CPU = Release|Any CPU
	EndGlobalSection
	GlobalSection(ProjectConfigurationPlatforms) = postSolution
		{34CEE48F-C56F-47ED-A262-5950A2927778}.Debug|Any CPU.ActiveCfg = Debug|Any CPU
		{34CEE48F-C56F-47ED-A262-5950A2927778}.Debug|Any CPU.Build.0 = Debug|Any CPU
		{34CEE48F-C56F-47ED-A262-5950A2927778}.Release|Any CPU.ActiveCfg = Release|Any CPU
		{34CEE48F-C56F-47ED-A262-5950A2927778}.Release|Any CPU.Build.0 = Release|Any CPU
		{2FA2602C-C3C7-4F39-9124-7F62364A5158}.Debug|Any CPU.ActiveCfg = Debug|Any CPU
		{2FA2602C-C3C7-4F39-9124-7F62364A5158}.Debug|Any CPU.Build.0 = Debug|Any CPU
		{2FA2602C-C3C7-4F39-9124-7F62364A5158}.Release|Any CPU.ActiveCfg = Release|Any CPU
		{2FA2602C-C3C7-4F39-9124-7F62364A5158}.Release|Any CPU.Build.0 = Release|Any CPU
	EndGlobalSection
	GlobalSection(SolutionProperties) = preSolution
		HideSolutionNode = FALSE
	EndGlobalSection
	GlobalSection(ExtensibilityGlobals) = postSolution
		SolutionGuid = {E094EEB4-F4F6-4946-B0C4-07147E1EC269}
	EndGlobalSection
EndGlobal
